
Microsoft Visual Studio Solution File, Format Version 12.00
# Visual Studio Version 17
VisualStudioVersion = 17.7.34024.191
MinimumVisualStudioVersion = 10.0.40219.1
Project("{FAE04EC0-301F-11D3-BF4B-00C04F79EFBC}") = "QuadraticEquation", "QuadraticEquation\QuadraticEquation.csproj", "{1A6F0488-358B-4AD7-B88D-1B400B699763}"
EndProject
Project("{FAE04EC0-301F-11D3-BF4B-00C04F79EFBC}") = "PointsAverage", "PointsAverage\PointsAverage.csproj", "{94BDD9AE-FBBE-4823-A875-BB16904754A1}"
EndProject
Global
	GlobalSection(SolutionConfigurationPlatforms) = preSolution
		Debug|Any CPU = Debug|Any CPU
		Release|Any CPU = Release|Any CPU
	EndGlobalSection
	GlobalSection(ProjectConfigurationPlatforms) = postSolution
		{1A6F0488-358B-4AD7-B88D-1B400B699763}.Debug|Any CPU.ActiveCfg = Debug|Any CPU
		{1A6F0488-358B-4AD7-B88D-1B400B699763}.Debug|Any CPU.Build.0 = Debug|Any CPU
		{1A6F0488-358B-4AD7-B88D-1B400B699763}.Release|Any CPU.ActiveCfg = Release|Any CPU
		{1A6F0488-358B-4AD7-B88D-1B400B699763}.Release|Any CPU.Build.0 = Release|Any CPU
		{94BDD9AE-FBBE-4823-A875-BB16904754A1}.Debug|Any CPU.ActiveCfg = Debug|Any CPU
		{94BDD9AE-FBBE-4823-A875-BB16904754A1}.Debug|Any CPU.Build.0 = Debug|Any CPU
		{94BDD9AE-FBBE-4823-A875-BB16904754A1}.Release|Any CPU.ActiveCfg = Release|Any CPU
		{94BDD9AE-FBBE-4823-A875-BB16904754A1}.Release|Any CPU.Build.0 = Release|Any CPU
	EndGlobalSection
	GlobalSection(SolutionProperties) = preSolution
		HideSolutionNode = FALSE
	EndGlobalSection
	GlobalSection(ExtensibilityGlobals) = postSolution
		SolutionGuid = {1928BAD6-B70E-4AEC-95F1-CC86975C111B}
	EndGlobalSection
EndGlobal
